
Microsoft Visual Studio Solution File, Format Version 12.00
# Visual Studio Version 17
VisualStudioVersion = 17.9.34728.123
MinimumVisualStudioVersion = 10.0.40219.1
Project("{9A19103F-16F7-4668-BE54-9A1E7A4F7556}") = "BlogApp", "BlogApp\BlogApp.csproj", "{E5C6B237-39B4-4FF6-A96B-B2A1238E26B9}"
	ProjectSection(ProjectDependencies) = postProject
		{C85E7E94-3792-4C9C-A06E-9AB3D6613736} = {C85E7E94-3792-4C9C-A06E-9AB3D6613736}
	EndProjectSection
EndProject
Project("{9A19103F-16F7-4668-BE54-9A1E7A4F7556}") = "BlogApp.DAL", "BlogApp.DAL\BlogApp.DAL.csproj", "{C85E7E94-3792-4C9C-A06E-9AB3D6613736}"
EndProject
Global
	GlobalSection(SolutionConfigurationPlatforms) = preSolution
		Debug|Any CPU = Debug|Any CPU
		Release|Any CPU = Release|Any CPU
	EndGlobalSection
	GlobalSection(ProjectConfigurationPlatforms) = postSolution
		{E5C6B237-39B4-4FF6-A96B-B2A1238E26B9}.Debug|Any CPU.ActiveCfg = Debug|Any CPU
		{E5C6B237-39B4-4FF6-A96B-B2A1238E26B9}.Debug|Any CPU.Build.0 = Debug|Any CPU
		{E5C6B237-39B4-4FF6-A96B-B2A1238E26B9}.Release|Any CPU.ActiveCfg = Release|Any CPU
		{E5C6B237-39B4-4FF6-A96B-B2A1238E26B9}.Release|Any CPU.Build.0 = Release|Any CPU
		{C85E7E94-3792-4C9C-A06E-9AB3D6613736}.Debug|Any CPU.ActiveCfg = Debug|Any CPU
		{C85E7E94-3792-4C9C-A06E-9AB3D6613736}.Debug|Any CPU.Build.0 = Debug|Any CPU
		{C85E7E94-3792-4C9C-A06E-9AB3D6613736}.Release|Any CPU.ActiveCfg = Release|Any CPU
		{C85E7E94-3792-4C9C-A06E-9AB3D6613736}.Release|Any CPU.Build.0 = Release|Any CPU
	EndGlobalSection
	GlobalSection(SolutionProperties) = preSolution
		HideSolutionNode = FALSE
	EndGlobalSection
	GlobalSection(ExtensibilityGlobals) = postSolution
		SolutionGuid = {3BC2C865-23DD-4A7F-A9C8-E76B9BE2A972}
	EndGlobalSection
EndGlobal
